
Microsoft Visual Studio Solution File, Format Version 11.00
# Visual Studio 2010
Project("{FAE04EC0-301F-11D3-BF4B-00C04F79EFBC}") = "Coats.Crafts", "Coats.Crafts\Coats.Crafts.csproj", "{732FAD9D-5A75-4FF9-A64E-00F1BC2CE8A2}"
EndProject
Project("{2150E333-8FDC-42A3-9474-1A3956D46DE8}") = ".nuget", ".nuget", "{EB7F50CC-8598-4E6C-814A-23BF68E867AC}"
	ProjectSection(SolutionItems) = preProject
		.nuget\NuGet.Config = .nuget\NuGet.Config
		.nuget\NuGet.exe = .nuget\NuGet.exe
		.nuget\NuGet.targets = .nuget\NuGet.targets
	EndProjectSection
EndProject
Project("{FAE04EC0-301F-11D3-BF4B-00C04F79EFBC}") = "Coats.Crafts.Gateway", "Coats.Crafts.Gateway\Coats.Crafts.Gateway.csproj", "{A452925A-A205-431E-838E-965AA0562775}"
EndProject
Project("{FAE04EC0-301F-11D3-BF4B-00C04F79EFBC}") = "Coats.IndustrialPortal.Gateway", "..\Coats.IndustrialPortal\Coats.IndustrialPortal.Gateway\Coats.IndustrialPortal.Gateway.csproj", "{B7BD7BA2-D14E-4893-8008-E171F89698DE}"
EndProject
Project("{FAE04EC0-301F-11D3-BF4B-00C04F79EFBC}") = "Coats.IndustrialPortal.Providers", "..\Coats.IndustrialPortal\Coats.IndustrialPortal.Providers\Coats.IndustrialPortal.Providers.csproj", "{FB470A75-13D6-4080-9A94-50A73ACF7468}"
EndProject
Project("{FAE04EC0-301F-11D3-BF4B-00C04F79EFBC}") = "Coats.IndustrialPortal.Gateway.Implementation", "..\Coats.IndustrialPortal\Coats.IndustrialPortal.Gateway.Implementation\Coats.IndustrialPortal.Gateway.Implementation.csproj", "{37EE9CF0-2B45-4624-9575-54B0B7091D88}"
EndProject
Project("{FAE04EC0-301F-11D3-BF4B-00C04F79EFBC}") = "Coats.IndustrialPortal.Gateway.Interfaces", "..\Coats.IndustrialPortal\Coats.IndustrialPortal.Gateway.Interfaces\Coats.IndustrialPortal.Gateway.Interfaces.csproj", "{02EDBD80-BB1A-47DA-AE41-8E26FF09A474}"
EndProject
Project("{FAE04EC0-301F-11D3-BF4B-00C04F79EFBC}") = "Coats.IndustrialPortal.Constants", "..\Coats.IndustrialPortal\Coats.IndustrialPortal.Constants\Coats.IndustrialPortal.Constants.csproj", "{43967DFA-159F-402A-BD5F-23E141505863}"
EndProject
Project("{FAE04EC0-301F-11D3-BF4B-00C04F79EFBC}") = "Coats.Crafts.SmartTartget", "Coats.Crafts.SmartTartget\Coats.Crafts.SmartTartget.csproj", "{A57DAD6E-2FB6-4B98-8F26-2C0050E8CFB1}"
EndProject
Project("{FAE04EC0-301F-11D3-BF4B-00C04F79EFBC}") = "Coats.Crafts.SmartTarget.FASXmlPollerService", "Coats.Crafts.SmartTarget.FASXmlPollerService\Coats.Crafts.SmartTarget.FASXmlPollerService.csproj", "{45558503-915A-49B5-B8C7-DA841CA64506}"
EndProject
Project("{FAE04EC0-301F-11D3-BF4B-00C04F79EFBC}") = "GeoIP", "GeoIP\GeoIP.csproj", "{73A505BE-3AEC-4B36-819E-191644E9F063}"
EndProject
Project("{2150E333-8FDC-42A3-9474-1A3956D46DE8}") = "Solution Items", "Solution Items", "{8434A736-133D-4495-A5E2-14FC24947562}"
EndProject
Project("{FAE04EC0-301F-11D3-BF4B-00C04F79EFBC}") = "Redirector", "Redirector\Redirector.csproj", "{2180B3A7-5FE8-490D-B3EE-EC51AE55A0B9}"
EndProject
Project("{FAE04EC0-301F-11D3-BF4B-00C04F79EFBC}") = "Coats.SQLite", "Coats.SQLite\Coats.SQLite.csproj", "{0AB7CBFC-65CF-45ED-B345-5F1B79A44833}"
EndProject
Project("{FAE04EC0-301F-11D3-BF4B-00C04F79EFBC}") = "Coats.SQLite.ClearDown", "Coats.SQLite.ClearDown\Coats.SQLite.ClearDown.csproj", "{D1E5B41D-F7BE-4951-AC39-BD8EF4F6C934}"
EndProject
Project("{FAE04EC0-301F-11D3-BF4B-00C04F79EFBC}") = "Coats.SQLite.Query", "Coats.SQLite.Query\Coats.SQLite.Query.csproj", "{3B7C992B-7BCD-486C-8FC5-02C0E642D33C}"
EndProject
Global
	GlobalSection(TestCaseManagementSettings) = postSolution
		CategoryFile = Coats.Crafts.vsmdi
	EndGlobalSection
	GlobalSection(SolutionConfigurationPlatforms) = preSolution
		Debug|Any CPU = Debug|Any CPU
		Debug|Mixed Platforms = Debug|Mixed Platforms
		Debug|x64 = Debug|x64
		Debug|x86 = Debug|x86
		Dev|Any CPU = Dev|Any CPU
		Dev|Mixed Platforms = Dev|Mixed Platforms
		Dev|x64 = Dev|x64
		Dev|x86 = Dev|x86
		FAS XML|Any CPU = FAS XML|Any CPU
		FAS XML|Mixed Platforms = FAS XML|Mixed Platforms
		FAS XML|x64 = FAS XML|x64
		FAS XML|x86 = FAS XML|x86
		Release|Any CPU = Release|Any CPU
		Release|Mixed Platforms = Release|Mixed Platforms
		Release|x64 = Release|x64
		Release|x86 = Release|x86
	EndGlobalSection
	GlobalSection(ProjectConfigurationPlatforms) = postSolution
		{732FAD9D-5A75-4FF9-A64E-00F1BC2CE8A2}.Debug|Any CPU.ActiveCfg = Debug|Any CPU
		{732FAD9D-5A75-4FF9-A64E-00F1BC2CE8A2}.Debug|Any CPU.Build.0 = Debug|Any CPU
		{732FAD9D-5A75-4FF9-A64E-00F1BC2CE8A2}.Debug|Mixed Platforms.ActiveCfg = Debug|Any CPU
		{732FAD9D-5A75-4FF9-A64E-00F1BC2CE8A2}.Debug|Mixed Platforms.Build.0 = Debug|Any CPU
		{732FAD9D-5A75-4FF9-A64E-00F1BC2CE8A2}.Debug|x64.ActiveCfg = Debug|x64
		{732FAD9D-5A75-4FF9-A64E-00F1BC2CE8A2}.Debug|x64.Build.0 = Debug|x64
		{732FAD9D-5A75-4FF9-A64E-00F1BC2CE8A2}.Debug|x86.ActiveCfg = Debug|x64
		{732FAD9D-5A75-4FF9-A64E-00F1BC2CE8A2}.Dev|Any CPU.ActiveCfg = Debug|x64
		{732FAD9D-5A75-4FF9-A64E-00F1BC2CE8A2}.Dev|Mixed Platforms.ActiveCfg = Debug|x64
		{732FAD9D-5A75-4FF9-A64E-00F1BC2CE8A2}.Dev|Mixed Platforms.Build.0 = Debug|x64
		{732FAD9D-5A75-4FF9-A64E-00F1BC2CE8A2}.Dev|x64.ActiveCfg = Debug|x64
		{732FAD9D-5A75-4FF9-A64E-00F1BC2CE8A2}.Dev|x64.Build.0 = Debug|x64
		{732FAD9D-5A75-4FF9-A64E-00F1BC2CE8A2}.Dev|x86.ActiveCfg = Debug|x64
		{732FAD9D-5A75-4FF9-A64E-00F1BC2CE8A2}.FAS XML|Any CPU.ActiveCfg = FAS XML|Any CPU
		{732FAD9D-5A75-4FF9-A64E-00F1BC2CE8A2}.FAS XML|Mixed Platforms.ActiveCfg = FAS XML|x64
		{732FAD9D-5A75-4FF9-A64E-00F1BC2CE8A2}.FAS XML|Mixed Platforms.Build.0 = FAS XML|x64
		{732FAD9D-5A75-4FF9-A64E-00F1BC2CE8A2}.FAS XML|x64.ActiveCfg = FAS XML|Any CPU
		{732FAD9D-5A75-4FF9-A64E-00F1BC2CE8A2}.FAS XML|x86.ActiveCfg = FAS XML|x64
		{732FAD9D-5A75-4FF9-A64E-00F1BC2CE8A2}.Release|Any CPU.ActiveCfg = Release|Any CPU
		{732FAD9D-5A75-4FF9-A64E-00F1BC2CE8A2}.Release|Any CPU.Build.0 = Release|Any CPU
		{732FAD9D-5A75-4FF9-A64E-00F1BC2CE8A2}.Release|Mixed Platforms.ActiveCfg = Release|x64
		{732FAD9D-5A75-4FF9-A64E-00F1BC2CE8A2}.Release|Mixed Platforms.Build.0 = Release|x64
		{732FAD9D-5A75-4FF9-A64E-00F1BC2CE8A2}.Release|x64.ActiveCfg = Release|x64
		{732FAD9D-5A75-4FF9-A64E-00F1BC2CE8A2}.Release|x64.Build.0 = Release|x64
		{732FAD9D-5A75-4FF9-A64E-00F1BC2CE8A2}.Release|x86.ActiveCfg = Release|x64
		{A452925A-A205-431E-838E-965AA0562775}.Debug|Any CPU.ActiveCfg = Debug|Any CPU
		{A452925A-A205-431E-838E-965AA0562775}.Debug|Any CPU.Build.0 = Debug|Any CPU
		{A452925A-A205-431E-838E-965AA0562775}.Debug|Mixed Platforms.ActiveCfg = Debug|Any CPU
		{A452925A-A205-431E-838E-965AA0562775}.Debug|Mixed Platforms.Build.0 = Debug|Any CPU
		{A452925A-A205-431E-838E-965AA0562775}.Debug|x64.ActiveCfg = Debug|Any CPU
		{A452925A-A205-431E-838E-965AA0562775}.Debug|x86.ActiveCfg = Debug|Any CPU
		{A452925A-A205-431E-838E-965AA0562775}.Dev|Any CPU.ActiveCfg = Debug|Any CPU
		{A452925A-A205-431E-838E-965AA0562775}.Dev|Any CPU.Build.0 = Debug|Any CPU
		{A452925A-A205-431E-838E-965AA0562775}.Dev|Mixed Platforms.ActiveCfg = Debug|Any CPU
		{A452925A-A205-431E-838E-965AA0562775}.Dev|Mixed Platforms.Build.0 = Debug|Any CPU
		{A452925A-A205-431E-838E-965AA0562775}.Dev|x64.ActiveCfg = Debug|Any CPU
		{A452925A-A205-431E-838E-965AA0562775}.Dev|x86.ActiveCfg = Debug|Any CPU
		{A452925A-A205-431E-838E-965AA0562775}.FAS XML|Any CPU.ActiveCfg = FAS XML|Any CPU
		{A452925A-A205-431E-838E-965AA0562775}.FAS XML|Mixed Platforms.ActiveCfg = FAS XML|Any CPU
		{A452925A-A205-431E-838E-965AA0562775}.FAS XML|Mixed Platforms.Build.0 = FAS XML|Any CPU
		{A452925A-A205-431E-838E-965AA0562775}.FAS XML|x64.ActiveCfg = FAS XML|Any CPU
		{A452925A-A205-431E-838E-965AA0562775}.FAS XML|x86.ActiveCfg = FAS XML|Any CPU
		{A452925A-A205-431E-838E-965AA0562775}.Release|Any CPU.ActiveCfg = Release|Any CPU
		{A452925A-A205-431E-838E-965AA0562775}.Release|Any CPU.Build.0 = Release|Any CPU
		{A452925A-A205-431E-838E-965AA0562775}.Release|Mixed Platforms.ActiveCfg = Release|Any CPU
		{A452925A-A205-431E-838E-965AA0562775}.Release|Mixed Platforms.Build.0 = Release|Any CPU
		{A452925A-A205-431E-838E-965AA0562775}.Release|x64.ActiveCfg = Release|Any CPU
		{A452925A-A205-431E-838E-965AA0562775}.Release|x86.ActiveCfg = Release|Any CPU
		{B7BD7BA2-D14E-4893-8008-E171F89698DE}.Debug|Any CPU.ActiveCfg = Debug|Any CPU
		{B7BD7BA2-D14E-4893-8008-E171F89698DE}.Debug|Any CPU.Build.0 = Debug|Any CPU
		{B7BD7BA2-D14E-4893-8008-E171F89698DE}.Debug|Mixed Platforms.ActiveCfg = Debug|Any CPU
		{B7BD7BA2-D14E-4893-8008-E171F89698DE}.Debug|Mixed Platforms.Build.0 = Debug|Any CPU
		{B7BD7BA2-D14E-4893-8008-E171F89698DE}.Debug|x64.ActiveCfg = Debug|Any CPU
		{B7BD7BA2-D14E-4893-8008-E171F89698DE}.Debug|x86.ActiveCfg = Debug|Any CPU
		{B7BD7BA2-D14E-4893-8008-E171F89698DE}.Dev|Any CPU.ActiveCfg = Dev|Any CPU
		{B7BD7BA2-D14E-4893-8008-E171F89698DE}.Dev|Any CPU.Build.0 = Dev|Any CPU
		{B7BD7BA2-D14E-4893-8008-E171F89698DE}.Dev|Mixed Platforms.ActiveCfg = Dev|Any CPU
		{B7BD7BA2-D14E-4893-8008-E171F89698DE}.Dev|Mixed Platforms.Build.0 = Dev|Any CPU
		{B7BD7BA2-D14E-4893-8008-E171F89698DE}.Dev|x64.ActiveCfg = Dev|Any CPU
		{B7BD7BA2-D14E-4893-8008-E171F89698DE}.Dev|x86.ActiveCfg = Dev|Any CPU
		{B7BD7BA2-D14E-4893-8008-E171F89698DE}.FAS XML|Any CPU.ActiveCfg = FAS XML|Any CPU
		{B7BD7BA2-D14E-4893-8008-E171F89698DE}.FAS XML|Mixed Platforms.ActiveCfg = FAS XML|Any CPU
		{B7BD7BA2-D14E-4893-8008-E171F89698DE}.FAS XML|Mixed Platforms.Build.0 = FAS XML|Any CPU
		{B7BD7BA2-D14E-4893-8008-E171F89698DE}.FAS XML|x64.ActiveCfg = FAS XML|Any CPU
		{B7BD7BA2-D14E-4893-8008-E171F89698DE}.FAS XML|x86.ActiveCfg = FAS XML|Any CPU
		{B7BD7BA2-D14E-4893-8008-E171F89698DE}.Release|Any CPU.ActiveCfg = Release|Any CPU
		{B7BD7BA2-D14E-4893-8008-E171F89698DE}.Release|Any CPU.Build.0 = Release|Any CPU
		{B7BD7BA2-D14E-4893-8008-E171F89698DE}.Release|Mixed Platforms.ActiveCfg = Release|Any CPU
		{B7BD7BA2-D14E-4893-8008-E171F89698DE}.Release|Mixed Platforms.Build.0 = Release|Any CPU
		{B7BD7BA2-D14E-4893-8008-E171F89698DE}.Release|x64.ActiveCfg = Release|Any CPU
		{B7BD7BA2-D14E-4893-8008-E171F89698DE}.Release|x86.ActiveCfg = Release|Any CPU
		{FB470A75-13D6-4080-9A94-50A73ACF7468}.Debug|Any CPU.ActiveCfg = Debug|Any CPU
		{FB470A75-13D6-4080-9A94-50A73ACF7468}.Debug|Any CPU.Build.0 = Debug|Any CPU
		{FB470A75-13D6-4080-9A94-50A73ACF7468}.Debug|Mixed Platforms.ActiveCfg = Debug|Any CPU
		{FB470A75-13D6-4080-9A94-50A73ACF7468}.Debug|Mixed Platforms.Build.0 = Debug|Any CPU
		{FB470A75-13D6-4080-9A94-50A73ACF7468}.Debug|x64.ActiveCfg = Debug|Any CPU
		{FB470A75-13D6-4080-9A94-50A73ACF7468}.Debug|x86.ActiveCfg = Debug|Any CPU
		{FB470A75-13D6-4080-9A94-50A73ACF7468}.Dev|Any CPU.ActiveCfg = Dev|Any CPU
		{FB470A75-13D6-4080-9A94-50A73ACF7468}.Dev|Any CPU.Build.0 = Dev|Any CPU
		{FB470A75-13D6-4080-9A94-50A73ACF7468}.Dev|Mixed Platforms.ActiveCfg = Dev|Any CPU
		{FB470A75-13D6-4080-9A94-50A73ACF7468}.Dev|Mixed Platforms.Build.0 = Dev|Any CPU
		{FB470A75-13D6-4080-9A94-50A73ACF7468}.Dev|x64.ActiveCfg = Dev|Any CPU
		{FB470A75-13D6-4080-9A94-50A73ACF7468}.Dev|x86.ActiveCfg = Dev|Any CPU
		{FB470A75-13D6-4080-9A94-50A73ACF7468}.FAS XML|Any CPU.ActiveCfg = FAS XML|Any CPU
		{FB470A75-13D6-4080-9A94-50A73ACF7468}.FAS XML|Mixed Platforms.ActiveCfg = FAS XML|Any CPU
		{FB470A75-13D6-4080-9A94-50A73ACF7468}.FAS XML|Mixed Platforms.Build.0 = FAS XML|Any CPU
		{FB470A75-13D6-4080-9A94-50A73ACF7468}.FAS XML|x64.ActiveCfg = FAS XML|Any CPU
		{FB470A75-13D6-4080-9A94-50A73ACF7468}.FAS XML|x86.ActiveCfg = FAS XML|Any CPU
		{FB470A75-13D6-4080-9A94-50A73ACF7468}.Release|Any CPU.ActiveCfg = Release|Any CPU
		{FB470A75-13D6-4080-9A94-50A73ACF7468}.Release|Any CPU.Build.0 = Release|Any CPU
		{FB470A75-13D6-4080-9A94-50A73ACF7468}.Release|Mixed Platforms.ActiveCfg = Release|Any CPU
		{FB470A75-13D6-4080-9A94-50A73ACF7468}.Release|Mixed Platforms.Build.0 = Release|Any CPU
		{FB470A75-13D6-4080-9A94-50A73ACF7468}.Release|x64.ActiveCfg = Release|Any CPU
		{FB470A75-13D6-4080-9A94-50A73ACF7468}.Release|x86.ActiveCfg = Release|Any CPU
		{37EE9CF0-2B45-4624-9575-54B0B7091D88}.Debug|Any CPU.ActiveCfg = Debug|Any CPU
		{37EE9CF0-2B45-4624-9575-54B0B7091D88}.Debug|Any CPU.Build.0 = Debug|Any CPU
		{37EE9CF0-2B45-4624-9575-54B0B7091D88}.Debug|Mixed Platforms.ActiveCfg = Debug|Any CPU
		{37EE9CF0-2B45-4624-9575-54B0B7091D88}.Debug|Mixed Platforms.Build.0 = Debug|Any CPU
		{37EE9CF0-2B45-4624-9575-54B0B7091D88}.Debug|x64.ActiveCfg = Debug|Any CPU
		{37EE9CF0-2B45-4624-9575-54B0B7091D88}.Debug|x86.ActiveCfg = Debug|Any CPU
		{37EE9CF0-2B45-4624-9575-54B0B7091D88}.Dev|Any CPU.ActiveCfg = Dev|Any CPU
		{37EE9CF0-2B45-4624-9575-54B0B7091D88}.Dev|Any CPU.Build.0 = Dev|Any CPU
		{37EE9CF0-2B45-4624-9575-54B0B7091D88}.Dev|Mixed Platforms.ActiveCfg = Dev|Any CPU
		{37EE9CF0-2B45-4624-9575-54B0B7091D88}.Dev|Mixed Platforms.Build.0 = Dev|Any CPU
		{37EE9CF0-2B45-4624-9575-54B0B7091D88}.Dev|x64.ActiveCfg = Dev|Any CPU
		{37EE9CF0-2B45-4624-9575-54B0B7091D88}.Dev|x86.ActiveCfg = Dev|Any CPU
		{37EE9CF0-2B45-4624-9575-54B0B7091D88}.FAS XML|Any CPU.ActiveCfg = FAS XML|Any CPU
		{37EE9CF0-2B45-4624-9575-54B0B7091D88}.FAS XML|Mixed Platforms.ActiveCfg = FAS XML|Any CPU
		{37EE9CF0-2B45-4624-9575-54B0B7091D88}.FAS XML|Mixed Platforms.Build.0 = FAS XML|Any CPU
		{37EE9CF0-2B45-4624-9575-54B0B7091D88}.FAS XML|x64.ActiveCfg = FAS XML|Any CPU
		{37EE9CF0-2B45-4624-9575-54B0B7091D88}.FAS XML|x86.ActiveCfg = FAS XML|Any CPU
		{37EE9CF0-2B45-4624-9575-54B0B7091D88}.Release|Any CPU.ActiveCfg = Release|Any CPU
		{37EE9CF0-2B45-4624-9575-54B0B7091D88}.Release|Any CPU.Build.0 = Release|Any CPU
		{37EE9CF0-2B45-4624-9575-54B0B7091D88}.Release|Mixed Platforms.ActiveCfg = Release|Any CPU
		{37EE9CF0-2B45-4624-9575-54B0B7091D88}.Release|Mixed Platforms.Build.0 = Release|Any CPU
		{37EE9CF0-2B45-4624-9575-54B0B7091D88}.Release|x64.ActiveCfg = Release|Any CPU
		{37EE9CF0-2B45-4624-9575-54B0B7091D88}.Release|x86.ActiveCfg = Release|Any CPU
		{02EDBD80-BB1A-47DA-AE41-8E26FF09A474}.Debug|Any CPU.ActiveCfg = Debug|Any CPU
		{02EDBD80-BB1A-47DA-AE41-8E26FF09A474}.Debug|Any CPU.Build.0 = Debug|Any CPU
		{02EDBD80-BB1A-47DA-AE41-8E26FF09A474}.Debug|Mixed Platforms.ActiveCfg = Debug|Any CPU
		{02EDBD80-BB1A-47DA-AE41-8E26FF09A474}.Debug|Mixed Platforms.Build.0 = Debug|Any CPU
		{02EDBD80-BB1A-47DA-AE41-8E26FF09A474}.Debug|x64.ActiveCfg = Debug|Any CPU
		{02EDBD80-BB1A-47DA-AE41-8E26FF09A474}.Debug|x86.ActiveCfg = Debug|Any CPU
		{02EDBD80-BB1A-47DA-AE41-8E26FF09A474}.Dev|Any CPU.ActiveCfg = Dev|Any CPU
		{02EDBD80-BB1A-47DA-AE41-8E26FF09A474}.Dev|Any CPU.Build.0 = Dev|Any CPU
		{02EDBD80-BB1A-47DA-AE41-8E26FF09A474}.Dev|Mixed Platforms.ActiveCfg = Dev|Any CPU
		{02EDBD80-BB1A-47DA-AE41-8E26FF09A474}.Dev|Mixed Platforms.Build.0 = Dev|Any CPU
		{02EDBD80-BB1A-47DA-AE41-8E26FF09A474}.Dev|x64.ActiveCfg = Dev|Any CPU
		{02EDBD80-BB1A-47DA-AE41-8E26FF09A474}.Dev|x86.ActiveCfg = Dev|Any CPU
		{02EDBD80-BB1A-47DA-AE41-8E26FF09A474}.FAS XML|Any CPU.ActiveCfg = FAS XML|Any CPU
		{02EDBD80-BB1A-47DA-AE41-8E26FF09A474}.FAS XML|Mixed Platforms.ActiveCfg = FAS XML|Any CPU
		{02EDBD80-BB1A-47DA-AE41-8E26FF09A474}.FAS XML|Mixed Platforms.Build.0 = FAS XML|Any CPU
		{02EDBD80-BB1A-47DA-AE41-8E26FF09A474}.FAS XML|x64.ActiveCfg = FAS XML|Any CPU
		{02EDBD80-BB1A-47DA-AE41-8E26FF09A474}.FAS XML|x86.ActiveCfg = FAS XML|Any CPU
		{02EDBD80-BB1A-47DA-AE41-8E26FF09A474}.Release|Any CPU.ActiveCfg = Release|Any CPU
		{02EDBD80-BB1A-47DA-AE41-8E26FF09A474}.Release|Any CPU.Build.0 = Release|Any CPU
		{02EDBD80-BB1A-47DA-AE41-8E26FF09A474}.Release|Mixed Platforms.ActiveCfg = Release|Any CPU
		{02EDBD80-BB1A-47DA-AE41-8E26FF09A474}.Release|Mixed Platforms.Build.0 = Release|Any CPU
		{02EDBD80-BB1A-47DA-AE41-8E26FF09A474}.Release|x64.ActiveCfg = Release|Any CPU
		{02EDBD80-BB1A-47DA-AE41-8E26FF09A474}.Release|x86.ActiveCfg = Release|Any CPU
		{43967DFA-159F-402A-BD5F-23E141505863}.Debug|Any CPU.ActiveCfg = Debug|Any CPU
		{43967DFA-159F-402A-BD5F-23E141505863}.Debug|Any CPU.Build.0 = Debug|Any CPU
		{43967DFA-159F-402A-BD5F-23E141505863}.Debug|Mixed Platforms.ActiveCfg = Debug|Any CPU
		{43967DFA-159F-402A-BD5F-23E141505863}.Debug|Mixed Platforms.Build.0 = Debug|Any CPU
		{43967DFA-159F-402A-BD5F-23E141505863}.Debug|x64.ActiveCfg = Debug|Any CPU
		{43967DFA-159F-402A-BD5F-23E141505863}.Debug|x86.ActiveCfg = Debug|Any CPU
		{43967DFA-159F-402A-BD5F-23E141505863}.Dev|Any CPU.ActiveCfg = Dev|Any CPU
		{43967DFA-159F-402A-BD5F-23E141505863}.Dev|Any CPU.Build.0 = Dev|Any CPU
		{43967DFA-159F-402A-BD5F-23E141505863}.Dev|Mixed Platforms.ActiveCfg = Dev|Any CPU
		{43967DFA-159F-402A-BD5F-23E141505863}.Dev|Mixed Platforms.Build.0 = Dev|Any CPU
		{43967DFA-159F-402A-BD5F-23E141505863}.Dev|x64.ActiveCfg = Dev|Any CPU
		{43967DFA-159F-402A-BD5F-23E141505863}.Dev|x86.ActiveCfg = Dev|Any CPU
		{43967DFA-159F-402A-BD5F-23E141505863}.FAS XML|Any CPU.ActiveCfg = FAS XML|Any CPU
		{43967DFA-159F-402A-BD5F-23E141505863}.FAS XML|Mixed Platforms.ActiveCfg = FAS XML|Any CPU
		{43967DFA-159F-402A-BD5F-23E141505863}.FAS XML|Mixed Platforms.Build.0 = FAS XML|Any CPU
		{43967DFA-159F-402A-BD5F-23E141505863}.FAS XML|x64.ActiveCfg = FAS XML|Any CPU
		{43967DFA-159F-402A-BD5F-23E141505863}.FAS XML|x86.ActiveCfg = FAS XML|Any CPU
		{43967DFA-159F-402A-BD5F-23E141505863}.Release|Any CPU.ActiveCfg = Release|Any CPU
		{43967DFA-159F-402A-BD5F-23E141505863}.Release|Any CPU.Build.0 = Release|Any CPU
		{43967DFA-159F-402A-BD5F-23E141505863}.Release|Mixed Platforms.ActiveCfg = Release|Any CPU
		{43967DFA-159F-402A-BD5F-23E141505863}.Release|Mixed Platforms.Build.0 = Release|Any CPU
		{43967DFA-159F-402A-BD5F-23E141505863}.Release|x64.ActiveCfg = Release|Any CPU
		{43967DFA-159F-402A-BD5F-23E141505863}.Release|x86.ActiveCfg = Release|Any CPU
		{A57DAD6E-2FB6-4B98-8F26-2C0050E8CFB1}.Debug|Any CPU.ActiveCfg = Debug|Any CPU
		{A57DAD6E-2FB6-4B98-8F26-2C0050E8CFB1}.Debug|Mixed Platforms.ActiveCfg = Debug|Any CPU
		{A57DAD6E-2FB6-4B98-8F26-2C0050E8CFB1}.Debug|Mixed Platforms.Build.0 = Debug|Any CPU
		{A57DAD6E-2FB6-4B98-8F26-2C0050E8CFB1}.Debug|x64.ActiveCfg = Debug|Any CPU
		{A57DAD6E-2FB6-4B98-8F26-2C0050E8CFB1}.Debug|x86.ActiveCfg = Debug|Any CPU
		{A57DAD6E-2FB6-4B98-8F26-2C0050E8CFB1}.Dev|Any CPU.ActiveCfg = Debug|Any CPU
		{A57DAD6E-2FB6-4B98-8F26-2C0050E8CFB1}.Dev|Any CPU.Build.0 = Debug|Any CPU
		{A57DAD6E-2FB6-4B98-8F26-2C0050E8CFB1}.Dev|Mixed Platforms.ActiveCfg = Debug|Any CPU
		{A57DAD6E-2FB6-4B98-8F26-2C0050E8CFB1}.Dev|Mixed Platforms.Build.0 = Debug|Any CPU
		{A57DAD6E-2FB6-4B98-8F26-2C0050E8CFB1}.Dev|x64.ActiveCfg = Debug|Any CPU
		{A57DAD6E-2FB6-4B98-8F26-2C0050E8CFB1}.Dev|x86.ActiveCfg = Debug|Any CPU
		{A57DAD6E-2FB6-4B98-8F26-2C0050E8CFB1}.FAS XML|Any CPU.ActiveCfg = FAS XML|Any CPU
		{A57DAD6E-2FB6-4B98-8F26-2C0050E8CFB1}.FAS XML|Any CPU.Build.0 = FAS XML|Any CPU
		{A57DAD6E-2FB6-4B98-8F26-2C0050E8CFB1}.FAS XML|Mixed Platforms.ActiveCfg = FAS XML|Any CPU
		{A57DAD6E-2FB6-4B98-8F26-2C0050E8CFB1}.FAS XML|Mixed Platforms.Build.0 = FAS XML|Any CPU
		{A57DAD6E-2FB6-4B98-8F26-2C0050E8CFB1}.FAS XML|x64.ActiveCfg = FAS XML|Any CPU
		{A57DAD6E-2FB6-4B98-8F26-2C0050E8CFB1}.FAS XML|x64.Build.0 = FAS XML|Any CPU
		{A57DAD6E-2FB6-4B98-8F26-2C0050E8CFB1}.FAS XML|x86.ActiveCfg = FAS XML|Any CPU
		{A57DAD6E-2FB6-4B98-8F26-2C0050E8CFB1}.Release|Any CPU.ActiveCfg = Release|Any CPU
		{A57DAD6E-2FB6-4B98-8F26-2C0050E8CFB1}.Release|Any CPU.Build.0 = Release|Any CPU
		{A57DAD6E-2FB6-4B98-8F26-2C0050E8CFB1}.Release|Mixed Platforms.ActiveCfg = Release|Any CPU
		{A57DAD6E-2FB6-4B98-8F26-2C0050E8CFB1}.Release|Mixed Platforms.Build.0 = Release|Any CPU
		{A57DAD6E-2FB6-4B98-8F26-2C0050E8CFB1}.Release|x64.ActiveCfg = Release|Any CPU
		{A57DAD6E-2FB6-4B98-8F26-2C0050E8CFB1}.Release|x86.ActiveCfg = Release|Any CPU
		{45558503-915A-49B5-B8C7-DA841CA64506}.Debug|Any CPU.ActiveCfg = Debug|x64
		{45558503-915A-49B5-B8C7-DA841CA64506}.Debug|Mixed Platforms.ActiveCfg = Debug|x64
		{45558503-915A-49B5-B8C7-DA841CA64506}.Debug|Mixed Platforms.Build.0 = Debug|x64
		{45558503-915A-49B5-B8C7-DA841CA64506}.Debug|x64.ActiveCfg = Debug|x64
		{45558503-915A-49B5-B8C7-DA841CA64506}.Debug|x64.Build.0 = Debug|x64
		{45558503-915A-49B5-B8C7-DA841CA64506}.Debug|x86.ActiveCfg = Debug|x64
		{45558503-915A-49B5-B8C7-DA841CA64506}.Dev|Any CPU.ActiveCfg = Debug|x64
		{45558503-915A-49B5-B8C7-DA841CA64506}.Dev|Mixed Platforms.ActiveCfg = Debug|x64
		{45558503-915A-49B5-B8C7-DA841CA64506}.Dev|Mixed Platforms.Build.0 = Debug|x64
		{45558503-915A-49B5-B8C7-DA841CA64506}.Dev|x64.ActiveCfg = Debug|x64
		{45558503-915A-49B5-B8C7-DA841CA64506}.Dev|x64.Build.0 = Debug|x64
		{45558503-915A-49B5-B8C7-DA841CA64506}.Dev|x86.ActiveCfg = Debug|x64
		{45558503-915A-49B5-B8C7-DA841CA64506}.FAS XML|Any CPU.ActiveCfg = FAS XML|x64
		{45558503-915A-49B5-B8C7-DA841CA64506}.FAS XML|Any CPU.Build.0 = FAS XML|x64
		{45558503-915A-49B5-B8C7-DA841CA64506}.FAS XML|Mixed Platforms.ActiveCfg = FAS XML|x64
		{45558503-915A-49B5-B8C7-DA841CA64506}.FAS XML|Mixed Platforms.Build.0 = FAS XML|x64
		{45558503-915A-49B5-B8C7-DA841CA64506}.FAS XML|x64.ActiveCfg = FAS XML|x64
		{45558503-915A-49B5-B8C7-DA841CA64506}.FAS XML|x64.Build.0 = FAS XML|x64
		{45558503-915A-49B5-B8C7-DA841CA64506}.FAS XML|x86.ActiveCfg = FAS XML|x64
		{45558503-915A-49B5-B8C7-DA841CA64506}.Release|Any CPU.ActiveCfg = Release|x64
		{45558503-915A-49B5-B8C7-DA841CA64506}.Release|Mixed Platforms.ActiveCfg = Release|x64
		{45558503-915A-49B5-B8C7-DA841CA64506}.Release|Mixed Platforms.Build.0 = Release|x64
		{45558503-915A-49B5-B8C7-DA841CA64506}.Release|x64.ActiveCfg = Release|x64
		{45558503-915A-49B5-B8C7-DA841CA64506}.Release|x64.Build.0 = Release|x64
		{45558503-915A-49B5-B8C7-DA841CA64506}.Release|x86.ActiveCfg = Release|x64
		{73A505BE-3AEC-4B36-819E-191644E9F063}.Debug|Any CPU.ActiveCfg = Debug|Any CPU
		{73A505BE-3AEC-4B36-819E-191644E9F063}.Debug|Any CPU.Build.0 = Debug|Any CPU
		{73A505BE-3AEC-4B36-819E-191644E9F063}.Debug|Mixed Platforms.ActiveCfg = Debug|Any CPU
		{73A505BE-3AEC-4B36-819E-191644E9F063}.Debug|Mixed Platforms.Build.0 = Debug|Any CPU
		{73A505BE-3AEC-4B36-819E-191644E9F063}.Debug|x64.ActiveCfg = Debug|Any CPU
		{73A505BE-3AEC-4B36-819E-191644E9F063}.Debug|x86.ActiveCfg = Debug|Any CPU
		{73A505BE-3AEC-4B36-819E-191644E9F063}.Dev|Any CPU.ActiveCfg = Debug|Any CPU
		{73A505BE-3AEC-4B36-819E-191644E9F063}.Dev|Any CPU.Build.0 = Debug|Any CPU
		{73A505BE-3AEC-4B36-819E-191644E9F063}.Dev|Mixed Platforms.ActiveCfg = Debug|Any CPU
		{73A505BE-3AEC-4B36-819E-191644E9F063}.Dev|Mixed Platforms.Build.0 = Debug|Any CPU
		{73A505BE-3AEC-4B36-819E-191644E9F063}.Dev|x64.ActiveCfg = Debug|Any CPU
		{73A505BE-3AEC-4B36-819E-191644E9F063}.Dev|x86.ActiveCfg = Debug|Any CPU
		{73A505BE-3AEC-4B36-819E-191644E9F063}.FAS XML|Any CPU.ActiveCfg = FAS XML|Any CPU
		{73A505BE-3AEC-4B36-819E-191644E9F063}.FAS XML|Mixed Platforms.ActiveCfg = FAS XML|Any CPU
		{73A505BE-3AEC-4B36-819E-191644E9F063}.FAS XML|Mixed Platforms.Build.0 = FAS XML|Any CPU
		{73A505BE-3AEC-4B36-819E-191644E9F063}.FAS XML|x64.ActiveCfg = FAS XML|Any CPU
		{73A505BE-3AEC-4B36-819E-191644E9F063}.FAS XML|x86.ActiveCfg = FAS XML|Any CPU
		{73A505BE-3AEC-4B36-819E-191644E9F063}.Release|Any CPU.ActiveCfg = Release|Any CPU
		{73A505BE-3AEC-4B36-819E-191644E9F063}.Release|Any CPU.Build.0 = Release|Any CPU
		{73A505BE-3AEC-4B36-819E-191644E9F063}.Release|Mixed Platforms.ActiveCfg = Release|Any CPU
		{73A505BE-3AEC-4B36-819E-191644E9F063}.Release|Mixed Platforms.Build.0 = Release|Any CPU
		{73A505BE-3AEC-4B36-819E-191644E9F063}.Release|x64.ActiveCfg = Release|Any CPU
		{73A505BE-3AEC-4B36-819E-191644E9F063}.Release|x86.ActiveCfg = Release|Any CPU
		{2180B3A7-5FE8-490D-B3EE-EC51AE55A0B9}.Debug|Any CPU.ActiveCfg = Debug|Any CPU
		{2180B3A7-5FE8-490D-B3EE-EC51AE55A0B9}.Debug|Any CPU.Build.0 = Debug|Any CPU
		{2180B3A7-5FE8-490D-B3EE-EC51AE55A0B9}.Debug|Mixed Platforms.ActiveCfg = Debug|Any CPU
		{2180B3A7-5FE8-490D-B3EE-EC51AE55A0B9}.Debug|Mixed Platforms.Build.0 = Debug|Any CPU
		{2180B3A7-5FE8-490D-B3EE-EC51AE55A0B9}.Debug|x64.ActiveCfg = Debug|Any CPU
		{2180B3A7-5FE8-490D-B3EE-EC51AE55A0B9}.Debug|x86.ActiveCfg = Debug|Any CPU
		{2180B3A7-5FE8-490D-B3EE-EC51AE55A0B9}.Dev|Any CPU.ActiveCfg = Debug|Any CPU
		{2180B3A7-5FE8-490D-B3EE-EC51AE55A0B9}.Dev|Any CPU.Build.0 = Debug|Any CPU
		{2180B3A7-5FE8-490D-B3EE-EC51AE55A0B9}.Dev|Mixed Platforms.ActiveCfg = Debug|Any CPU
		{2180B3A7-5FE8-490D-B3EE-EC51AE55A0B9}.Dev|Mixed Platforms.Build.0 = Debug|Any CPU
		{2180B3A7-5FE8-490D-B3EE-EC51AE55A0B9}.Dev|x64.ActiveCfg = Debug|Any CPU
		{2180B3A7-5FE8-490D-B3EE-EC51AE55A0B9}.Dev|x86.ActiveCfg = Debug|Any CPU
		{2180B3A7-5FE8-490D-B3EE-EC51AE55A0B9}.FAS XML|Any CPU.ActiveCfg = FAS XML|Any CPU
		{2180B3A7-5FE8-490D-B3EE-EC51AE55A0B9}.FAS XML|Mixed Platforms.ActiveCfg = FAS XML|Any CPU
		{2180B3A7-5FE8-490D-B3EE-EC51AE55A0B9}.FAS XML|Mixed Platforms.Build.0 = FAS XML|Any CPU
		{2180B3A7-5FE8-490D-B3EE-EC51AE55A0B9}.FAS XML|x64.ActiveCfg = FAS XML|Any CPU
		{2180B3A7-5FE8-490D-B3EE-EC51AE55A0B9}.FAS XML|x86.ActiveCfg = FAS XML|Any CPU
		{2180B3A7-5FE8-490D-B3EE-EC51AE55A0B9}.Release|Any CPU.ActiveCfg = Release|Any CPU
		{2180B3A7-5FE8-490D-B3EE-EC51AE55A0B9}.Release|Any CPU.Build.0 = Release|Any CPU
		{2180B3A7-5FE8-490D-B3EE-EC51AE55A0B9}.Release|Mixed Platforms.ActiveCfg = Release|Any CPU
		{2180B3A7-5FE8-490D-B3EE-EC51AE55A0B9}.Release|Mixed Platforms.Build.0 = Release|Any CPU
		{2180B3A7-5FE8-490D-B3EE-EC51AE55A0B9}.Release|x64.ActiveCfg = Release|Any CPU
		{2180B3A7-5FE8-490D-B3EE-EC51AE55A0B9}.Release|x86.ActiveCfg = Release|Any CPU
		{0AB7CBFC-65CF-45ED-B345-5F1B79A44833}.Debug|Any CPU.ActiveCfg = Debug|Any CPU
		{0AB7CBFC-65CF-45ED-B345-5F1B79A44833}.Debug|Any CPU.Build.0 = Debug|Any CPU
		{0AB7CBFC-65CF-45ED-B345-5F1B79A44833}.Debug|Mixed Platforms.ActiveCfg = Debug|Any CPU
		{0AB7CBFC-65CF-45ED-B345-5F1B79A44833}.Debug|Mixed Platforms.Build.0 = Debug|Any CPU
		{0AB7CBFC-65CF-45ED-B345-5F1B79A44833}.Debug|x64.ActiveCfg = Debug|Any CPU
		{0AB7CBFC-65CF-45ED-B345-5F1B79A44833}.Debug|x86.ActiveCfg = Debug|Any CPU
		{0AB7CBFC-65CF-45ED-B345-5F1B79A44833}.Dev|Any CPU.ActiveCfg = Debug|Any CPU
		{0AB7CBFC-65CF-45ED-B345-5F1B79A44833}.Dev|Any CPU.Build.0 = Debug|Any CPU
		{0AB7CBFC-65CF-45ED-B345-5F1B79A44833}.Dev|Mixed Platforms.ActiveCfg = Debug|Any CPU
		{0AB7CBFC-65CF-45ED-B345-5F1B79A44833}.Dev|Mixed Platforms.Build.0 = Debug|Any CPU
		{0AB7CBFC-65CF-45ED-B345-5F1B79A44833}.Dev|x64.ActiveCfg = Debug|Any CPU
		{0AB7CBFC-65CF-45ED-B345-5F1B79A44833}.Dev|x86.ActiveCfg = Debug|Any CPU
		{0AB7CBFC-65CF-45ED-B345-5F1B79A44833}.FAS XML|Any CPU.ActiveCfg = FAS XML|Any CPU
		{0AB7CBFC-65CF-45ED-B345-5F1B79A44833}.FAS XML|Any CPU.Build.0 = FAS XML|Any CPU
		{0AB7CBFC-65CF-45ED-B345-5F1B79A44833}.FAS XML|Mixed Platforms.ActiveCfg = FAS XML|Any CPU
		{0AB7CBFC-65CF-45ED-B345-5F1B79A44833}.FAS XML|Mixed Platforms.Build.0 = FAS XML|Any CPU
		{0AB7CBFC-65CF-45ED-B345-5F1B79A44833}.FAS XML|x64.ActiveCfg = FAS XML|Any CPU
		{0AB7CBFC-65CF-45ED-B345-5F1B79A44833}.FAS XML|x64.Build.0 = FAS XML|Any CPU
		{0AB7CBFC-65CF-45ED-B345-5F1B79A44833}.FAS XML|x86.ActiveCfg = FAS XML|Any CPU
		{0AB7CBFC-65CF-45ED-B345-5F1B79A44833}.Release|Any CPU.ActiveCfg = Release|Any CPU
		{0AB7CBFC-65CF-45ED-B345-5F1B79A44833}.Release|Any CPU.Build.0 = Release|Any CPU
		{0AB7CBFC-65CF-45ED-B345-5F1B79A44833}.Release|Mixed Platforms.ActiveCfg = Release|Any CPU
		{0AB7CBFC-65CF-45ED-B345-5F1B79A44833}.Release|Mixed Platforms.Build.0 = Release|Any CPU
		{0AB7CBFC-65CF-45ED-B345-5F1B79A44833}.Release|x64.ActiveCfg = Release|Any CPU
		{0AB7CBFC-65CF-45ED-B345-5F1B79A44833}.Release|x86.ActiveCfg = Release|Any CPU
		{D1E5B41D-F7BE-4951-AC39-BD8EF4F6C934}.Debug|Any CPU.ActiveCfg = Debug|x86
		{D1E5B41D-F7BE-4951-AC39-BD8EF4F6C934}.Debug|Mixed Platforms.ActiveCfg = Debug|x86
		{D1E5B41D-F7BE-4951-AC39-BD8EF4F6C934}.Debug|Mixed Platforms.Build.0 = Debug|x86
		{D1E5B41D-F7BE-4951-AC39-BD8EF4F6C934}.Debug|x64.ActiveCfg = Debug|x86
		{D1E5B41D-F7BE-4951-AC39-BD8EF4F6C934}.Debug|x86.ActiveCfg = Debug|x86
		{D1E5B41D-F7BE-4951-AC39-BD8EF4F6C934}.Debug|x86.Build.0 = Debug|x86
		{D1E5B41D-F7BE-4951-AC39-BD8EF4F6C934}.Dev|Any CPU.ActiveCfg = Debug|x86
		{D1E5B41D-F7BE-4951-AC39-BD8EF4F6C934}.Dev|Mixed Platforms.ActiveCfg = Debug|x86
		{D1E5B41D-F7BE-4951-AC39-BD8EF4F6C934}.Dev|Mixed Platforms.Build.0 = Debug|x86
		{D1E5B41D-F7BE-4951-AC39-BD8EF4F6C934}.Dev|x64.ActiveCfg = Debug|x86
		{D1E5B41D-F7BE-4951-AC39-BD8EF4F6C934}.Dev|x86.ActiveCfg = Debug|x86
		{D1E5B41D-F7BE-4951-AC39-BD8EF4F6C934}.Dev|x86.Build.0 = Debug|x86
		{D1E5B41D-F7BE-4951-AC39-BD8EF4F6C934}.FAS XML|Any CPU.ActiveCfg = FAS XML|x86
		{D1E5B41D-F7BE-4951-AC39-BD8EF4F6C934}.FAS XML|Mixed Platforms.ActiveCfg = FAS XML|x86
		{D1E5B41D-F7BE-4951-AC39-BD8EF4F6C934}.FAS XML|Mixed Platforms.Build.0 = FAS XML|x86
		{D1E5B41D-F7BE-4951-AC39-BD8EF4F6C934}.FAS XML|x64.ActiveCfg = FAS XML|x86
		{D1E5B41D-F7BE-4951-AC39-BD8EF4F6C934}.FAS XML|x86.ActiveCfg = FAS XML|x86
		{D1E5B41D-F7BE-4951-AC39-BD8EF4F6C934}.Release|Any CPU.ActiveCfg = Release|x86
		{D1E5B41D-F7BE-4951-AC39-BD8EF4F6C934}.Release|Mixed Platforms.ActiveCfg = Release|x86
		{D1E5B41D-F7BE-4951-AC39-BD8EF4F6C934}.Release|Mixed Platforms.Build.0 = Release|x86
		{D1E5B41D-F7BE-4951-AC39-BD8EF4F6C934}.Release|x64.ActiveCfg = Release|x86
		{D1E5B41D-F7BE-4951-AC39-BD8EF4F6C934}.Release|x86.ActiveCfg = Release|x86
		{D1E5B41D-F7BE-4951-AC39-BD8EF4F6C934}.Release|x86.Build.0 = Release|x86
		{3B7C992B-7BCD-486C-8FC5-02C0E642D33C}.Debug|Any CPU.ActiveCfg = Debug|x86
		{3B7C992B-7BCD-486C-8FC5-02C0E642D33C}.Debug|Mixed Platforms.ActiveCfg = Debug|x86
		{3B7C992B-7BCD-486C-8FC5-02C0E642D33C}.Debug|Mixed Platforms.Build.0 = Debug|x86
		{3B7C992B-7BCD-486C-8FC5-02C0E642D33C}.Debug|x64.ActiveCfg = Debug|x86
		{3B7C992B-7BCD-486C-8FC5-02C0E642D33C}.Debug|x86.ActiveCfg = Debug|x86
		{3B7C992B-7BCD-486C-8FC5-02C0E642D33C}.Debug|x86.Build.0 = Debug|x86
		{3B7C992B-7BCD-486C-8FC5-02C0E642D33C}.Dev|Any CPU.ActiveCfg = Debug|x86
		{3B7C992B-7BCD-486C-8FC5-02C0E642D33C}.Dev|Mixed Platforms.ActiveCfg = Debug|x86
		{3B7C992B-7BCD-486C-8FC5-02C0E642D33C}.Dev|Mixed Platforms.Build.0 = Debug|x86
		{3B7C992B-7BCD-486C-8FC5-02C0E642D33C}.Dev|x64.ActiveCfg = Debug|x86
		{3B7C992B-7BCD-486C-8FC5-02C0E642D33C}.Dev|x86.ActiveCfg = Debug|x86
		{3B7C992B-7BCD-486C-8FC5-02C0E642D33C}.Dev|x86.Build.0 = Debug|x86
		{3B7C992B-7BCD-486C-8FC5-02C0E642D33C}.FAS XML|Any CPU.ActiveCfg = Release|x86
		{3B7C992B-7BCD-486C-8FC5-02C0E642D33C}.FAS XML|Mixed Platforms.ActiveCfg = Release|x86
		{3B7C992B-7BCD-486C-8FC5-02C0E642D33C}.FAS XML|Mixed Platforms.Build.0 = Release|x86
		{3B7C992B-7BCD-486C-8FC5-02C0E642D33C}.FAS XML|x64.ActiveCfg = Release|x86
		{3B7C992B-7BCD-486C-8FC5-02C0E642D33C}.FAS XML|x86.ActiveCfg = Release|x86
		{3B7C992B-7BCD-486C-8FC5-02C0E642D33C}.FAS XML|x86.Build.0 = Release|x86
		{3B7C992B-7BCD-486C-8FC5-02C0E642D33C}.Release|Any CPU.ActiveCfg = Release|x86
		{3B7C992B-7BCD-486C-8FC5-02C0E642D33C}.Release|Mixed Platforms.ActiveCfg = Release|x86
		{3B7C992B-7BCD-486C-8FC5-02C0E642D33C}.Release|Mixed Platforms.Build.0 = Release|x86
		{3B7C992B-7BCD-486C-8FC5-02C0E642D33C}.Release|x64.ActiveCfg = Release|x86
		{3B7C992B-7BCD-486C-8FC5-02C0E642D33C}.Release|x86.ActiveCfg = Release|x86
		{3B7C992B-7BCD-486C-8FC5-02C0E642D33C}.Release|x86.Build.0 = Release|x86
	EndGlobalSection
	GlobalSection(SolutionProperties) = preSolution
		HideSolutionNode = FALSE
	EndGlobalSection
EndGlobal
